<?xml version="1.0" encoding="utf-8"?>
<Project ToolsVersion="4.0" xmlns="http://schemas.microsoft.com/developer/msbuild/2003">
  <ItemGroup>
    <Filter Include="Source files">
      <UniqueIdentifier>{1b99afab-ab5f-405c-8d5a-14b9b8a2b84f}</UniqueIdentifier>
      <Extensions>cpp;c;cc;cxx;def;odl;idl;hpj;bat;asm;asmx</Extensions>
    </Filter>
    <Filter Include="Resource files">
      <UniqueIdentifier>{e8b7ddad-04ad-47c3-8ddb-05885a70077b}</UniqueIdentifier>
      <Extensions>rc;ico;cur;bmp;dlg;rc2;rct;bin;rgs;gif;jpg;jpeg;jpe;resx;tiff;tif;png;wav</Extensions>
    </Filter>
    <Filter Include="Header files">
      <UniqueIdentifier>{92ebb080-1dcd-4747-8ae0-c92bab6fd673}</UniqueIdentifier>
      <Extensions>h;hpp;hxx;hm;inl;inc;xsd</Extensions>
    </Filter>
  </ItemGroup>
  <ItemGroup>
    <ClInclude Include="stdafx.h">
      <Filter>Header files</Filter>
    </ClInclude>
    <ClInclude Include="debug.h">
      <Filter>Header files</Filter>
    </ClInclude>
    <ClInclude Include="dll_inject.h">
      <Filter>Header files</Filter>
    </ClInclude>
    <ClInclude Include="dll_inject_shellcode.h">
      <Filter>Header files</Filter>
    </ClInclude>
    <ClInclude Include="runtime.h">
      <Filter>Header files</Filter>
    </ClInclude>
    <ClInclude Include="undocnt.h">
      <Filter>Header files</Filter>
    </ClInclude>
    <ClInclude Include="common.h">
      <Filter>Header files</Filter>
    </ClInclude>
    <ClInclude Include="shellcode2_struct.h">
      <Filter>Header files</Filter>
    </ClInclude>
  </ItemGroup>
  <ItemGroup>
    <ClCompile Include="stdafx.cpp">
      <Filter>Source files</Filter>
    </ClCompile>
    <ClCompile Include="ApcInjector.cpp">
      <Filter>Source files</Filter>
    </ClCompile>
    <ClCompile Include="dll_inject.cpp">
      <Filter>Source files</Filter>
    </ClCompile>
    <ClCompile Include="runtime.cpp">
      <Filter>Source files</Filter>
    </ClCompile>
  </ItemGroup>
</Project>